
Microsoft Visual Studio Solution File, Format Version 12.00
# Visual Studio Version 16
VisualStudioVersion = 16.0.31501.217
MinimumVisualStudioVersion = 10.0.40219.1
Project("{9A19103F-16F7-4668-BE54-9A1E7A4F7556}") = "citrix.token", "citrix.token\citrix.token.csproj", "{0C7F62D9-08B6-4307-9A05-096491101CF3}"
EndProject
Global
	GlobalSection(SolutionConfigurationPlatforms) = preSolution
		Debug|Any CPU = Debug|Any CPU
		Release|Any CPU = Release|Any CPU
	EndGlobalSection
	GlobalSection(ProjectConfigurationPlatforms) = postSolution
		{0C7F62D9-08B6-4307-9A05-096491101CF3}.Debug|Any CPU.ActiveCfg = Debug|Any CPU
		{0C7F62D9-08B6-4307-9A05-096491101CF3}.Debug|Any CPU.Build.0 = Debug|Any CPU
		{0C7F62D9-08B6-4307-9A05-096491101CF3}.Release|Any CPU.ActiveCfg = Release|Any CPU
		{0C7F62D9-08B6-4307-9A05-096491101CF3}.Release|Any CPU.Build.0 = Release|Any CPU
	EndGlobalSection
	GlobalSection(SolutionProperties) = preSolution
		HideSolutionNode = FALSE
	EndGlobalSection
	GlobalSection(ExtensibilityGlobals) = postSolution
		SolutionGuid = {B73A66F3-9BC7-4BDB-A18F-C66D55C6AC07}
	EndGlobalSection
EndGlobal
