
Microsoft Visual Studio Solution File, Format Version 12.00
# Visual Studio Version 16
VisualStudioVersion = 16.0.31501.217
MinimumVisualStudioVersion = 10.0.40219.1
Project("{9A19103F-16F7-4668-BE54-9A1E7A4F7556}") = "citrix.location", "citrix.location\citrix.location.csproj", "{4708DB28-E5BF-4B1B-B2E2-A4A22E6B36EE}"
EndProject
Global
	GlobalSection(SolutionConfigurationPlatforms) = preSolution
		Debug|Any CPU = Debug|Any CPU
		Release|Any CPU = Release|Any CPU
	EndGlobalSection
	GlobalSection(ProjectConfigurationPlatforms) = postSolution
		{4708DB28-E5BF-4B1B-B2E2-A4A22E6B36EE}.Debug|Any CPU.ActiveCfg = Debug|Any CPU
		{4708DB28-E5BF-4B1B-B2E2-A4A22E6B36EE}.Debug|Any CPU.Build.0 = Debug|Any CPU
		{4708DB28-E5BF-4B1B-B2E2-A4A22E6B36EE}.Release|Any CPU.ActiveCfg = Release|Any CPU
		{4708DB28-E5BF-4B1B-B2E2-A4A22E6B36EE}.Release|Any CPU.Build.0 = Release|Any CPU
	EndGlobalSection
	GlobalSection(SolutionProperties) = preSolution
		HideSolutionNode = FALSE
	EndGlobalSection
	GlobalSection(ExtensibilityGlobals) = postSolution
		SolutionGuid = {55176EFE-4110-4C6B-BF1D-BEB6664B8848}
	EndGlobalSection
EndGlobal
